// !$*UTF8*$!
{
	archiveVersion = 1;
	classes = {
	};
	objectVersion = 50;
	objects = {

/* Begin PBXBuildFile section */
		3F1BE0E322792E7B0077F076 /* SecondViewController.swift in Sources */ = {isa = PBXBuildFile; fileRef = 3F1BE0E222792E7B0077F076 /* SecondViewController.swift */; };
		3F1BE0E522792E7F0077F076 /* FirstViewController.swift in Sources */ = {isa = PBXBuildFile; fileRef = 3F1BE0E422792E7F0077F076 /* FirstViewController.swift */; };
		3F1BE0ED2284EEA60077F076 /* GameStatHistoryViewController.swift in Sources */ = {isa = PBXBuildFile; fileRef = 3F1BE0EC2284EEA60077F076 /* GameStatHistoryViewController.swift */; };
		3F1BE0EF2284EF600077F076 /* GameStatRepo.swift in Sources */ = {isa = PBXBuildFile; fileRef = 3F1BE0EE2284EF600077F076 /* GameStatRepo.swift */; };
		3F1BE0F12284F0FF0077F076 /* GameStatCell.swift in Sources */ = {isa = PBXBuildFile; fileRef = 3F1BE0F02284F0FF0077F076 /* GameStatCell.swift */; };
		3F5C0E19227275A600307F74 /* AppDelegate.swift in Sources */ = {isa = PBXBuildFile; fileRef = 3F5C0E18227275A600307F74 /* AppDelegate.swift */; };
		3F5C0E20227275A600307F74 /* Main.storyboard in Resources */ = {isa = PBXBuildFile; fileRef = 3F5C0E1E227275A600307F74 /* Main.storyboard */; };
		3F5C0E22227275A900307F74 /* Assets.xcassets in Resources */ = {isa = PBXBuildFile; fileRef = 3F5C0E21227275A900307F74 /* Assets.xcassets */; };
		3F5C0E25227275A900307F74 /* LaunchScreen.storyboard in Resources */ = {isa = PBXBuildFile; fileRef = 3F5C0E23227275A900307F74 /* LaunchScreen.storyboard */; };
		3F5C0E30227275A900307F74 /* GYBITGTests.swift in Sources */ = {isa = PBXBuildFile; fileRef = 3F5C0E2F227275A900307F74 /* GYBITGTests.swift */; };
		3F7982F4229E064D00AC802F /* NewGameStatViewController.swift in Sources */ = {isa = PBXBuildFile; fileRef = 3F7982F3229E064D00AC802F /* NewGameStatViewController.swift */; };
		3F7982F6229E078E00AC802F /* GameStat.storyboard in Resources */ = {isa = PBXBuildFile; fileRef = 3F7982F5229E078E00AC802F /* GameStat.storyboard */; };
		3F7982FA22A1A67400AC802F /* GameStatRepositoryTests.swift in Sources */ = {isa = PBXBuildFile; fileRef = 3F7982F922A1A67400AC802F /* GameStatRepositoryTests.swift */; };
		3F7982FC22A1FB9D00AC802F /* UIStoryboardSegue.swift in Sources */ = {isa = PBXBuildFile; fileRef = 3F7982FB22A1FB9D00AC802F /* UIStoryboardSegue.swift */; };
		3F7DEC3D2282437D0027ECAA /* GalleryViewController.swift in Sources */ = {isa = PBXBuildFile; fileRef = 3F7DEC3C2282437C0027ECAA /* GalleryViewController.swift */; };
		3FA615C62273715C00A059FC /* GameStat.swift in Sources */ = {isa = PBXBuildFile; fileRef = 3FA615C52273715C00A059FC /* GameStat.swift */; };
		3FA615F62273D7FB00A059FC /* GameStatClassTests.swift in Sources */ = {isa = PBXBuildFile; fileRef = 3FA615F52273D7FB00A059FC /* GameStatClassTests.swift */; };
		3FD34C31235520A6006079E0 /* Notifications.storyboard in Resources */ = {isa = PBXBuildFile; fileRef = 3FD34C30235520A6006079E0 /* Notifications.storyboard */; };
		3FD34C332355281F006079E0 /* NotificationsViewController.swift in Sources */ = {isa = PBXBuildFile; fileRef = 3FD34C322355281F006079E0 /* NotificationsViewController.swift */; };
		3FD34C5923554CE6006079E0 /* GYBITG.xcdatamodeld in Sources */ = {isa = PBXBuildFile; fileRef = 3FD34C5723554CE6006079E0 /* GYBITG.xcdatamodeld */; };
		3FDCF60D2360EBF4000A3DFF /* GameStatDbContext.swift in Sources */ = {isa = PBXBuildFile; fileRef = 3FDCF60C2360EBF4000A3DFF /* GameStatDbContext.swift */; };
		3FDCF60F23617644000A3DFF /* Constants.swift in Sources */ = {isa = PBXBuildFile; fileRef = 3FDCF60E23617644000A3DFF /* Constants.swift */; };
		3FDDBA4E22B0BA3300DC3327 /* NewAccountViewController.swift in Sources */ = {isa = PBXBuildFile; fileRef = 3FDDBA4D22B0BA3300DC3327 /* NewAccountViewController.swift */; };
		3FDDBA4F22B0BA3300DC3327 /* NewAccountViewController.swift in Sources */ = {isa = PBXBuildFile; fileRef = 3FDDBA4D22B0BA3300DC3327 /* NewAccountViewController.swift */; };
		3FDDBA5122B0BA5400DC3327 /* UsersRepository.swift in Sources */ = {isa = PBXBuildFile; fileRef = 3FDDBA5022B0BA5400DC3327 /* UsersRepository.swift */; };
		3FDDBA5222B0BA5400DC3327 /* UsersRepository.swift in Sources */ = {isa = PBXBuildFile; fileRef = 3FDDBA5022B0BA5400DC3327 /* UsersRepository.swift */; };
		3FDDBA5422B0BA8100DC3327 /* ForgotPasswordViewController.swift in Sources */ = {isa = PBXBuildFile; fileRef = 3FDDBA5322B0BA8000DC3327 /* ForgotPasswordViewController.swift */; };
		3FDDBA5522B0BA8100DC3327 /* ForgotPasswordViewController.swift in Sources */ = {isa = PBXBuildFile; fileRef = 3FDDBA5322B0BA8000DC3327 /* ForgotPasswordViewController.swift */; };
		3FDDBA5722B0C15300DC3327 /* User.swift in Sources */ = {isa = PBXBuildFile; fileRef = 3FDDBA5622B0C15300DC3327 /* User.swift */; };
		3FDDBA5822B0C15300DC3327 /* User.swift in Sources */ = {isa = PBXBuildFile; fileRef = 3FDDBA5622B0C15300DC3327 /* User.swift */; };
		486E18CF413529F1ADB0F16E /* Pods_GYBITGTests.framework in Frameworks */ = {isa = PBXBuildFile; fileRef = B282E0E5348790BEA1A2E67E /* Pods_GYBITGTests.framework */; };
		5CC9BB772D0D4814A8084A58 /* Pods_GYBITG.framework in Frameworks */ = {isa = PBXBuildFile; fileRef = F46AA2A5EDFE6CF4A16E747A /* Pods_GYBITG.framework */; };
		A8079A4E2297CC070078E117 /* GalleryCell.swift in Sources */ = {isa = PBXBuildFile; fileRef = A8079A4D2297CC070078E117 /* GalleryCell.swift */; };
		A823ECAD2284EFA3003EC330 /* VideoRepositoryTests.swift in Sources */ = {isa = PBXBuildFile; fileRef = A823ECAC2284EFA3003EC330 /* VideoRepositoryTests.swift */; };
		A823ECB02284F1FA003EC330 /* VideoRepository.swift in Sources */ = {isa = PBXBuildFile; fileRef = A823ECAF2284F1FA003EC330 /* VideoRepository.swift */; };
		A8EE23F9227283F700B9CEBF /* Video.swift in Sources */ = {isa = PBXBuildFile; fileRef = A8EE23F8227283F700B9CEBF /* Video.swift */; };
		A8EE23FF2273B16300B9CEBF /* VideoStructTests.swift in Sources */ = {isa = PBXBuildFile; fileRef = A8EE23FE2273B16300B9CEBF /* VideoStructTests.swift */; };
		A8F6C9872295AD7D00D5DC8D /* MockVideoRepository.swift in Sources */ = {isa = PBXBuildFile; fileRef = A8F6C9862295AD7D00D5DC8D /* MockVideoRepository.swift */; };
/* End PBXBuildFile section */

/* Begin PBXContainerItemProxy section */
		3F5C0E2C227275A900307F74 /* PBXContainerItemProxy */ = {
			isa = PBXContainerItemProxy;
			containerPortal = 3F5C0E0D227275A600307F74 /* Project object */;
			proxyType = 1;
			remoteGlobalIDString = 3F5C0E14227275A600307F74;
			remoteInfo = GYBITG;
		};
/* End PBXContainerItemProxy section */

/* Begin PBXFileReference section */
		0073875056203C96FA99E0C7 /* Pods-GYBITG.debug.xcconfig */ = {isa = PBXFileReference; includeInIndex = 1; lastKnownFileType = text.xcconfig; name = "Pods-GYBITG.debug.xcconfig"; path = "Target Support Files/Pods-GYBITG/Pods-GYBITG.debug.xcconfig"; sourceTree = "<group>"; };
		2A97E99CEE297747C94E8267 /* Pods-GYBITGTests.release.xcconfig */ = {isa = PBXFileReference; includeInIndex = 1; lastKnownFileType = text.xcconfig; name = "Pods-GYBITGTests.release.xcconfig"; path = "Target Support Files/Pods-GYBITGTests/Pods-GYBITGTests.release.xcconfig"; sourceTree = "<group>"; };
		33764F5FC737DF4562127C72 /* Pods-GYBITG.release.xcconfig */ = {isa = PBXFileReference; includeInIndex = 1; lastKnownFileType = text.xcconfig; name = "Pods-GYBITG.release.xcconfig"; path = "Target Support Files/Pods-GYBITG/Pods-GYBITG.release.xcconfig"; sourceTree = "<group>"; };
		3F1BE0E222792E7B0077F076 /* SecondViewController.swift */ = {isa = PBXFileReference; lastKnownFileType = sourcecode.swift; path = SecondViewController.swift; sourceTree = "<group>"; };
		3F1BE0E422792E7F0077F076 /* FirstViewController.swift */ = {isa = PBXFileReference; lastKnownFileType = sourcecode.swift; path = FirstViewController.swift; sourceTree = "<group>"; };
		3F1BE0EC2284EEA60077F076 /* GameStatHistoryViewController.swift */ = {isa = PBXFileReference; lastKnownFileType = sourcecode.swift; path = GameStatHistoryViewController.swift; sourceTree = "<group>"; };
		3F1BE0EE2284EF600077F076 /* GameStatRepo.swift */ = {isa = PBXFileReference; lastKnownFileType = sourcecode.swift; path = GameStatRepo.swift; sourceTree = "<group>"; };
		3F1BE0F02284F0FF0077F076 /* GameStatCell.swift */ = {isa = PBXFileReference; lastKnownFileType = sourcecode.swift; path = GameStatCell.swift; sourceTree = "<group>"; };
		3F5C0E15227275A600307F74 /* GYBITG.app */ = {isa = PBXFileReference; explicitFileType = wrapper.application; includeInIndex = 0; path = GYBITG.app; sourceTree = BUILT_PRODUCTS_DIR; };
		3F5C0E18227275A600307F74 /* AppDelegate.swift */ = {isa = PBXFileReference; lastKnownFileType = sourcecode.swift; path = AppDelegate.swift; sourceTree = "<group>"; };
		3F5C0E1F227275A600307F74 /* Base */ = {isa = PBXFileReference; lastKnownFileType = file.storyboard; name = Base; path = Base.lproj/Main.storyboard; sourceTree = "<group>"; };
		3F5C0E21227275A900307F74 /* Assets.xcassets */ = {isa = PBXFileReference; lastKnownFileType = folder.assetcatalog; path = Assets.xcassets; sourceTree = "<group>"; };
		3F5C0E24227275A900307F74 /* Base */ = {isa = PBXFileReference; lastKnownFileType = file.storyboard; name = Base; path = Base.lproj/LaunchScreen.storyboard; sourceTree = "<group>"; };
		3F5C0E26227275A900307F74 /* Info.plist */ = {isa = PBXFileReference; lastKnownFileType = text.plist.xml; path = Info.plist; sourceTree = "<group>"; };
		3F5C0E2B227275A900307F74 /* GYBITGTests.xctest */ = {isa = PBXFileReference; explicitFileType = wrapper.cfbundle; includeInIndex = 0; path = GYBITGTests.xctest; sourceTree = BUILT_PRODUCTS_DIR; };
		3F5C0E2F227275A900307F74 /* GYBITGTests.swift */ = {isa = PBXFileReference; lastKnownFileType = sourcecode.swift; path = GYBITGTests.swift; sourceTree = "<group>"; };
		3F5C0E31227275A900307F74 /* Info.plist */ = {isa = PBXFileReference; lastKnownFileType = text.plist.xml; path = Info.plist; sourceTree = "<group>"; };
		3F7982F3229E064D00AC802F /* NewGameStatViewController.swift */ = {isa = PBXFileReference; lastKnownFileType = sourcecode.swift; path = NewGameStatViewController.swift; sourceTree = "<group>"; };
		3F7982F5229E078E00AC802F /* GameStat.storyboard */ = {isa = PBXFileReference; lastKnownFileType = file.storyboard; path = GameStat.storyboard; sourceTree = "<group>"; };
		3F7982F922A1A67400AC802F /* GameStatRepositoryTests.swift */ = {isa = PBXFileReference; lastKnownFileType = sourcecode.swift; path = GameStatRepositoryTests.swift; sourceTree = "<group>"; };
		3F7982FB22A1FB9D00AC802F /* UIStoryboardSegue.swift */ = {isa = PBXFileReference; lastKnownFileType = sourcecode.swift; path = UIStoryboardSegue.swift; sourceTree = "<group>"; };
		3F7DEC3C2282437C0027ECAA /* GalleryViewController.swift */ = {isa = PBXFileReference; lastKnownFileType = sourcecode.swift; path = GalleryViewController.swift; sourceTree = "<group>"; };
		3FA615C52273715C00A059FC /* GameStat.swift */ = {isa = PBXFileReference; lastKnownFileType = sourcecode.swift; path = GameStat.swift; sourceTree = "<group>"; };
		3FA615F52273D7FB00A059FC /* GameStatClassTests.swift */ = {isa = PBXFileReference; lastKnownFileType = sourcecode.swift; path = GameStatClassTests.swift; sourceTree = "<group>"; };
		3FD34C30235520A6006079E0 /* Notifications.storyboard */ = {isa = PBXFileReference; lastKnownFileType = file.storyboard; path = Notifications.storyboard; sourceTree = "<group>"; };
		3FD34C322355281F006079E0 /* NotificationsViewController.swift */ = {isa = PBXFileReference; lastKnownFileType = sourcecode.swift; path = NotificationsViewController.swift; sourceTree = "<group>"; };
		3FD34C5823554CE6006079E0 /* gybitg.xcdatamodel */ = {isa = PBXFileReference; lastKnownFileType = wrapper.xcdatamodel; path = gybitg.xcdatamodel; sourceTree = "<group>"; };
		3FDCF60C2360EBF4000A3DFF /* GameStatDbContext.swift */ = {isa = PBXFileReference; lastKnownFileType = sourcecode.swift; path = GameStatDbContext.swift; sourceTree = "<group>"; };
		3FDCF60E23617644000A3DFF /* Constants.swift */ = {isa = PBXFileReference; lastKnownFileType = sourcecode.swift; path = Constants.swift; sourceTree = "<group>"; };
		3FDDBA4D22B0BA3300DC3327 /* NewAccountViewController.swift */ = {isa = PBXFileReference; fileEncoding = 4; lastKnownFileType = sourcecode.swift; path = NewAccountViewController.swift; sourceTree = "<group>"; };
		3FDDBA5022B0BA5400DC3327 /* UsersRepository.swift */ = {isa = PBXFileReference; fileEncoding = 4; lastKnownFileType = sourcecode.swift; path = UsersRepository.swift; sourceTree = "<group>"; };
		3FDDBA5322B0BA8000DC3327 /* ForgotPasswordViewController.swift */ = {isa = PBXFileReference; fileEncoding = 4; lastKnownFileType = sourcecode.swift; path = ForgotPasswordViewController.swift; sourceTree = "<group>"; };
		3FDDBA5622B0C15300DC3327 /* User.swift */ = {isa = PBXFileReference; lastKnownFileType = sourcecode.swift; path = User.swift; sourceTree = "<group>"; };
		503E427E4C5FE94E8BA0F17E /* Pods-GYBITGTests.debug.xcconfig */ = {isa = PBXFileReference; includeInIndex = 1; lastKnownFileType = text.xcconfig; name = "Pods-GYBITGTests.debug.xcconfig"; path = "Target Support Files/Pods-GYBITGTests/Pods-GYBITGTests.debug.xcconfig"; sourceTree = "<group>"; };
		A8079A4D2297CC070078E117 /* GalleryCell.swift */ = {isa = PBXFileReference; lastKnownFileType = sourcecode.swift; path = GalleryCell.swift; sourceTree = "<group>"; };
		A823ECAC2284EFA3003EC330 /* VideoRepositoryTests.swift */ = {isa = PBXFileReference; lastKnownFileType = sourcecode.swift; path = VideoRepositoryTests.swift; sourceTree = "<group>"; };
		A823ECAF2284F1FA003EC330 /* VideoRepository.swift */ = {isa = PBXFileReference; lastKnownFileType = sourcecode.swift; path = VideoRepository.swift; sourceTree = "<group>"; };
		A8EE23F8227283F700B9CEBF /* Video.swift */ = {isa = PBXFileReference; lastKnownFileType = sourcecode.swift; path = Video.swift; sourceTree = "<group>"; };
		A8EE23FE2273B16300B9CEBF /* VideoStructTests.swift */ = {isa = PBXFileReference; lastKnownFileType = sourcecode.swift; path = VideoStructTests.swift; sourceTree = "<group>"; };
		A8F6C9862295AD7D00D5DC8D /* MockVideoRepository.swift */ = {isa = PBXFileReference; lastKnownFileType = sourcecode.swift; path = MockVideoRepository.swift; sourceTree = "<group>"; };
		B282E0E5348790BEA1A2E67E /* Pods_GYBITGTests.framework */ = {isa = PBXFileReference; explicitFileType = wrapper.framework; includeInIndex = 0; path = Pods_GYBITGTests.framework; sourceTree = BUILT_PRODUCTS_DIR; };
		F46AA2A5EDFE6CF4A16E747A /* Pods_GYBITG.framework */ = {isa = PBXFileReference; explicitFileType = wrapper.framework; includeInIndex = 0; path = Pods_GYBITG.framework; sourceTree = BUILT_PRODUCTS_DIR; };
/* End PBXFileReference section */

/* Begin PBXFrameworksBuildPhase section */
		3F5C0E12227275A600307F74 /* Frameworks */ = {
			isa = PBXFrameworksBuildPhase;
			buildActionMask = 2147483647;
			files = (
				5CC9BB772D0D4814A8084A58 /* Pods_GYBITG.framework in Frameworks */,
			);
			runOnlyForDeploymentPostprocessing = 0;
		};
		3F5C0E28227275A900307F74 /* Frameworks */ = {
			isa = PBXFrameworksBuildPhase;
			buildActionMask = 2147483647;
			files = (
				486E18CF413529F1ADB0F16E /* Pods_GYBITGTests.framework in Frameworks */,
			);
			runOnlyForDeploymentPostprocessing = 0;
		};
/* End PBXFrameworksBuildPhase section */

/* Begin PBXGroup section */
		3F1BE0DF22792E1D0077F076 /* Recovered References */ = {
			isa = PBXGroup;
			children = (
			);
			name = "Recovered References";
			sourceTree = "<group>";
		};
		3F5C0E0C227275A600307F74 = {
			isa = PBXGroup;
			children = (
				3F5C0E17227275A600307F74 /* GYBITG */,
				3F5C0E2E227275A900307F74 /* GYBITGTests */,
				3F5C0E16227275A600307F74 /* Products */,
				3F1BE0DF22792E1D0077F076 /* Recovered References */,
				41E1460BF6571CF9CA8E42AB /* Pods */,
				A05874790D68561EBC2A6214 /* Frameworks */,
			);
			sourceTree = "<group>";
		};
		3F5C0E16227275A600307F74 /* Products */ = {
			isa = PBXGroup;
			children = (
				3F5C0E15227275A600307F74 /* GYBITG.app */,
				3F5C0E2B227275A900307F74 /* GYBITGTests.xctest */,
			);
			name = Products;
			sourceTree = "<group>";
		};
		3F5C0E17227275A600307F74 /* GYBITG */ = {
			isa = PBXGroup;
			children = (
				A823ECAE2284F06A003EC330 /* Repositories */,
				A8EE23F72272838C00B9CEBF /* Models */,
				3F5C0E18227275A600307F74 /* AppDelegate.swift */,
				3F1BE0E222792E7B0077F076 /* SecondViewController.swift */,
				3FDDBA4D22B0BA3300DC3327 /* NewAccountViewController.swift */,
				3FDDBA5322B0BA8000DC3327 /* ForgotPasswordViewController.swift */,
				3F1BE0E422792E7F0077F076 /* FirstViewController.swift */,
				3F1BE0EC2284EEA60077F076 /* GameStatHistoryViewController.swift */,
				3F5C0E1E227275A600307F74 /* Main.storyboard */,
				3F5C0E21227275A900307F74 /* Assets.xcassets */,
				3F5C0E23227275A900307F74 /* LaunchScreen.storyboard */,
				3F5C0E26227275A900307F74 /* Info.plist */,
				3F7DEC3C2282437C0027ECAA /* GalleryViewController.swift */,
				3F1BE0F02284F0FF0077F076 /* GameStatCell.swift */,
				A8079A4D2297CC070078E117 /* GalleryCell.swift */,
				3F7982F3229E064D00AC802F /* NewGameStatViewController.swift */,
				3F7982F5229E078E00AC802F /* GameStat.storyboard */,
				3F7982FB22A1FB9D00AC802F /* UIStoryboardSegue.swift */,
				3FD34C30235520A6006079E0 /* Notifications.storyboard */,
				3FD34C322355281F006079E0 /* NotificationsViewController.swift */,
				3FD34C5723554CE6006079E0 /* GYBITG.xcdatamodeld */,
				3FDCF60C2360EBF4000A3DFF /* GameStatDbContext.swift */,
				3FDCF60E23617644000A3DFF /* Constants.swift */,
			);
			path = GYBITG;
			sourceTree = "<group>";
		};
		3F5C0E2E227275A900307F74 /* GYBITGTests */ = {
			isa = PBXGroup;
			children = (
				3F5C0E2F227275A900307F74 /* GYBITGTests.swift */,
				3F5C0E31227275A900307F74 /* Info.plist */,
				3FA615F52273D7FB00A059FC /* GameStatClassTests.swift */,
				A8EE23FE2273B16300B9CEBF /* VideoStructTests.swift */,
				A823ECAC2284EFA3003EC330 /* VideoRepositoryTests.swift */,
				3F7982F922A1A67400AC802F /* GameStatRepositoryTests.swift */,
			);
			path = GYBITGTests;
			sourceTree = "<group>";
		};
		41E1460BF6571CF9CA8E42AB /* Pods */ = {
			isa = PBXGroup;
			children = (
				0073875056203C96FA99E0C7 /* Pods-GYBITG.debug.xcconfig */,
				33764F5FC737DF4562127C72 /* Pods-GYBITG.release.xcconfig */,
				503E427E4C5FE94E8BA0F17E /* Pods-GYBITGTests.debug.xcconfig */,
				2A97E99CEE297747C94E8267 /* Pods-GYBITGTests.release.xcconfig */,
			);
			name = Pods;
			path = Pods;
			sourceTree = "<group>";
		};
		A05874790D68561EBC2A6214 /* Frameworks */ = {
			isa = PBXGroup;
			children = (
				F46AA2A5EDFE6CF4A16E747A /* Pods_GYBITG.framework */,
				B282E0E5348790BEA1A2E67E /* Pods_GYBITGTests.framework */,
			);
			name = Frameworks;
			sourceTree = "<group>";
		};
		A823ECAE2284F06A003EC330 /* Repositories */ = {
			isa = PBXGroup;
			children = (
				A823ECAF2284F1FA003EC330 /* VideoRepository.swift */,
				A8F6C9862295AD7D00D5DC8D /* MockVideoRepository.swift */,
				3F1BE0EE2284EF600077F076 /* GameStatRepo.swift */,
				3FDDBA5022B0BA5400DC3327 /* UsersRepository.swift */,
			);
			path = Repositories;
			sourceTree = "<group>";
		};
		A8EE23F72272838C00B9CEBF /* Models */ = {
			isa = PBXGroup;
			children = (
				A8EE23F8227283F700B9CEBF /* Video.swift */,
				3FA615C52273715C00A059FC /* GameStat.swift */,
				3FDDBA5622B0C15300DC3327 /* User.swift */,
			);
			path = Models;
			sourceTree = "<group>";
		};
/* End PBXGroup section */

/* Begin PBXNativeTarget section */
		3F5C0E14227275A600307F74 /* GYBITG */ = {
			isa = PBXNativeTarget;
			buildConfigurationList = 3F5C0E34227275A900307F74 /* Build configuration list for PBXNativeTarget "GYBITG" */;
			buildPhases = (
				CAF8B1C8A6603B88E892CC88 /* [CP] Check Pods Manifest.lock */,
				3F5C0E11227275A600307F74 /* Sources */,
				3F5C0E12227275A600307F74 /* Frameworks */,
				3F5C0E13227275A600307F74 /* Resources */,
				19036166CAD9E6BE9866E2AD /* [CP] Embed Pods Frameworks */,
			);
			buildRules = (
			);
			dependencies = (
			);
			name = GYBITG;
			productName = GYBITG;
			productReference = 3F5C0E15227275A600307F74 /* GYBITG.app */;
			productType = "com.apple.product-type.application";
		};
		3F5C0E2A227275A900307F74 /* GYBITGTests */ = {
			isa = PBXNativeTarget;
			buildConfigurationList = 3F5C0E37227275A900307F74 /* Build configuration list for PBXNativeTarget "GYBITGTests" */;
			buildPhases = (
				736B1832FF257FBE6CF39CD7 /* [CP] Check Pods Manifest.lock */,
				3F5C0E27227275A900307F74 /* Sources */,
				3F5C0E28227275A900307F74 /* Frameworks */,
				3F5C0E29227275A900307F74 /* Resources */,
			);
			buildRules = (
			);
			dependencies = (
				3F5C0E2D227275A900307F74 /* PBXTargetDependency */,
			);
			name = GYBITGTests;
			productName = GYBITGTests;
			productReference = 3F5C0E2B227275A900307F74 /* GYBITGTests.xctest */;
			productType = "com.apple.product-type.bundle.unit-test";
		};
/* End PBXNativeTarget section */

/* Begin PBXProject section */
		3F5C0E0D227275A600307F74 /* Project object */ = {
			isa = PBXProject;
			attributes = {
				LastSwiftUpdateCheck = 1020;
				LastUpgradeCheck = 1020;
				TargetAttributes = {
					3F5C0E14227275A600307F74 = {
						CreatedOnToolsVersion = 10.2;
					};
					3F5C0E2A227275A900307F74 = {
						CreatedOnToolsVersion = 10.2;
						TestTargetID = 3F5C0E14227275A600307F74;
					};
				};
			};
			buildConfigurationList = 3F5C0E10227275A600307F74 /* Build configuration list for PBXProject "GYBITG" */;
			compatibilityVersion = "Xcode 9.3";
			developmentRegion = en;
			hasScannedForEncodings = 0;
			knownRegions = (
				en,
				Base,
			);
			mainGroup = 3F5C0E0C227275A600307F74;
			productRefGroup = 3F5C0E16227275A600307F74 /* Products */;
			projectDirPath = "";
			projectRoot = "";
			targets = (
				3F5C0E14227275A600307F74 /* GYBITG */,
				3F5C0E2A227275A900307F74 /* GYBITGTests */,
			);
		};
/* End PBXProject section */

/* Begin PBXResourcesBuildPhase section */
		3F5C0E13227275A600307F74 /* Resources */ = {
			isa = PBXResourcesBuildPhase;
			buildActionMask = 2147483647;
			files = (
				3F7982F6229E078E00AC802F /* GameStat.storyboard in Resources */,
				3FD34C31235520A6006079E0 /* Notifications.storyboard in Resources */,
				3F5C0E25227275A900307F74 /* LaunchScreen.storyboard in Resources */,
				3F5C0E22227275A900307F74 /* Assets.xcassets in Resources */,
				3F5C0E20227275A600307F74 /* Main.storyboard in Resources */,
			);
			runOnlyForDeploymentPostprocessing = 0;
		};
		3F5C0E29227275A900307F74 /* Resources */ = {
			isa = PBXResourcesBuildPhase;
			buildActionMask = 2147483647;
			files = (
			);
			runOnlyForDeploymentPostprocessing = 0;
		};
/* End PBXResourcesBuildPhase section */

/* Begin PBXShellScriptBuildPhase section */
		19036166CAD9E6BE9866E2AD /* [CP] Embed Pods Frameworks */ = {
			isa = PBXShellScriptBuildPhase;
			buildActionMask = 2147483647;
			files = (
			);
			inputFileListPaths = (
				"${PODS_ROOT}/Target Support Files/Pods-GYBITG/Pods-GYBITG-frameworks-${CONFIGURATION}-input-files.xcfilelist",
			);
			name = "[CP] Embed Pods Frameworks";
			outputFileListPaths = (
				"${PODS_ROOT}/Target Support Files/Pods-GYBITG/Pods-GYBITG-frameworks-${CONFIGURATION}-output-files.xcfilelist",
			);
			runOnlyForDeploymentPostprocessing = 0;
			shellPath = /bin/sh;
			shellScript = "\"${PODS_ROOT}/Target Support Files/Pods-GYBITG/Pods-GYBITG-frameworks.sh\"\n";
			showEnvVarsInLog = 0;
		};
		736B1832FF257FBE6CF39CD7 /* [CP] Check Pods Manifest.lock */ = {
			isa = PBXShellScriptBuildPhase;
			buildActionMask = 2147483647;
			files = (
			);
			inputFileListPaths = (
			);
			inputPaths = (
				"${PODS_PODFILE_DIR_PATH}/Podfile.lock",
				"${PODS_ROOT}/Manifest.lock",
			);
			name = "[CP] Check Pods Manifest.lock";
			outputFileListPaths = (
			);
			outputPaths = (
				"$(DERIVED_FILE_DIR)/Pods-GYBITGTests-checkManifestLockResult.txt",
			);
			runOnlyForDeploymentPostprocessing = 0;
			shellPath = /bin/sh;
			shellScript = "diff \"${PODS_PODFILE_DIR_PATH}/Podfile.lock\" \"${PODS_ROOT}/Manifest.lock\" > /dev/null\nif [ $? != 0 ] ; then\n    # print error to STDERR\n    echo \"error: The sandbox is not in sync with the Podfile.lock. Run 'pod install' or update your CocoaPods installation.\" >&2\n    exit 1\nfi\n# This output is used by Xcode 'outputs' to avoid re-running this script phase.\necho \"SUCCESS\" > \"${SCRIPT_OUTPUT_FILE_0}\"\n";
			showEnvVarsInLog = 0;
		};
		CAF8B1C8A6603B88E892CC88 /* [CP] Check Pods Manifest.lock */ = {
			isa = PBXShellScriptBuildPhase;
			buildActionMask = 2147483647;
			files = (
			);
			inputFileListPaths = (
			);
			inputPaths = (
				"${PODS_PODFILE_DIR_PATH}/Podfile.lock",
				"${PODS_ROOT}/Manifest.lock",
			);
			name = "[CP] Check Pods Manifest.lock";
			outputFileListPaths = (
			);
			outputPaths = (
				"$(DERIVED_FILE_DIR)/Pods-GYBITG-checkManifestLockResult.txt",
			);
			runOnlyForDeploymentPostprocessing = 0;
			shellPath = /bin/sh;
			shellScript = "diff \"${PODS_PODFILE_DIR_PATH}/Podfile.lock\" \"${PODS_ROOT}/Manifest.lock\" > /dev/null\nif [ $? != 0 ] ; then\n    # print error to STDERR\n    echo \"error: The sandbox is not in sync with the Podfile.lock. Run 'pod install' or update your CocoaPods installation.\" >&2\n    exit 1\nfi\n# This output is used by Xcode 'outputs' to avoid re-running this script phase.\necho \"SUCCESS\" > \"${SCRIPT_OUTPUT_FILE_0}\"\n";
			showEnvVarsInLog = 0;
		};
/* End PBXShellScriptBuildPhase section */

/* Begin PBXSourcesBuildPhase section */
		3F5C0E11227275A600307F74 /* Sources */ = {
			isa = PBXSourcesBuildPhase;
			buildActionMask = 2147483647;
			files = (
				3F7DEC3D2282437D0027ECAA /* GalleryViewController.swift in Sources */,
				3FDCF60F23617644000A3DFF /* Constants.swift in Sources */,
				3F1BE0E322792E7B0077F076 /* SecondViewController.swift in Sources */,
				3FA615C62273715C00A059FC /* GameStat.swift in Sources */,
				A8079A4E2297CC070078E117 /* GalleryCell.swift in Sources */,
				3F1BE0EF2284EF600077F076 /* GameStatRepo.swift in Sources */,
				3F1BE0F12284F0FF0077F076 /* GameStatCell.swift in Sources */,
				A8EE23F9227283F700B9CEBF /* Video.swift in Sources */,
				3FDDBA5422B0BA8100DC3327 /* ForgotPasswordViewController.swift in Sources */,
				3FDDBA5722B0C15300DC3327 /* User.swift in Sources */,
				A823ECB02284F1FA003EC330 /* VideoRepository.swift in Sources */,
				3F5C0E19227275A600307F74 /* AppDelegate.swift in Sources */,
				3FDDBA5122B0BA5400DC3327 /* UsersRepository.swift in Sources */,
				A8F6C9872295AD7D00D5DC8D /* MockVideoRepository.swift in Sources */,
				3FD34C5923554CE6006079E0 /* GYBITG.xcdatamodeld in Sources */,
				3F7982F4229E064D00AC802F /* NewGameStatViewController.swift in Sources */,
				3FD34C332355281F006079E0 /* NotificationsViewController.swift in Sources */,
				3F7982FC22A1FB9D00AC802F /* UIStoryboardSegue.swift in Sources */,
				3F1BE0E522792E7F0077F076 /* FirstViewController.swift in Sources */,
				3FDCF60D2360EBF4000A3DFF /* GameStatDbContext.swift in Sources */,
				3F1BE0ED2284EEA60077F076 /* GameStatHistoryViewController.swift in Sources */,
				3FDDBA4E22B0BA3300DC3327 /* NewAccountViewController.swift in Sources */,
			);
			runOnlyForDeploymentPostprocessing = 0;
		};
		3F5C0E27227275A900307F74 /* Sources */ = {
			isa = PBXSourcesBuildPhase;
			buildActionMask = 2147483647;
			files = (
				3FDDBA5522B0BA8100DC3327 /* ForgotPasswordViewController.swift in Sources */,
				3F7982FA22A1A67400AC802F /* GameStatRepositoryTests.swift in Sources */,
				3FDDBA5222B0BA5400DC3327 /* UsersRepository.swift in Sources */,
				3FA615F62273D7FB00A059FC /* GameStatClassTests.swift in Sources */,
				A8EE23FF2273B16300B9CEBF /* VideoStructTests.swift in Sources */,
				3FDDBA5822B0C15300DC3327 /* User.swift in Sources */,
				3F5C0E30227275A900307F74 /* GYBITGTests.swift in Sources */,
				A823ECAD2284EFA3003EC330 /* VideoRepositoryTests.swift in Sources */,
				3FDDBA4F22B0BA3300DC3327 /* NewAccountViewController.swift in Sources */,
			);
			runOnlyForDeploymentPostprocessing = 0;
		};
/* End PBXSourcesBuildPhase section */

/* Begin PBXTargetDependency section */
		3F5C0E2D227275A900307F74 /* PBXTargetDependency */ = {
			isa = PBXTargetDependency;
			target = 3F5C0E14227275A600307F74 /* GYBITG */;
			targetProxy = 3F5C0E2C227275A900307F74 /* PBXContainerItemProxy */;
		};
/* End PBXTargetDependency section */

/* Begin PBXVariantGroup section */
		3F5C0E1E227275A600307F74 /* Main.storyboard */ = {
			isa = PBXVariantGroup;
			children = (
				3F5C0E1F227275A600307F74 /* Base */,
			);
			name = Main.storyboard;
			sourceTree = "<group>";
		};
		3F5C0E23227275A900307F74 /* LaunchScreen.storyboard */ = {
			isa = PBXVariantGroup;
			children = (
				3F5C0E24227275A900307F74 /* Base */,
			);
			name = LaunchScreen.storyboard;
			sourceTree = "<group>";
		};
/* End PBXVariantGroup section */

/* Begin XCBuildConfiguration section */
		3F5C0E32227275A900307F74 /* Debug */ = {
			isa = XCBuildConfiguration;
			buildSettings = {
				ALWAYS_SEARCH_USER_PATHS = NO;
				CLANG_ANALYZER_NONNULL = YES;
				CLANG_ANALYZER_NUMBER_OBJECT_CONVERSION = YES_AGGRESSIVE;
				CLANG_CXX_LANGUAGE_STANDARD = "gnu++14";
				CLANG_CXX_LIBRARY = "libc++";
				CLANG_ENABLE_MODULES = YES;
				CLANG_ENABLE_OBJC_ARC = YES;
				CLANG_ENABLE_OBJC_WEAK = YES;
				CLANG_WARN_BLOCK_CAPTURE_AUTORELEASING = YES;
				CLANG_WARN_BOOL_CONVERSION = YES;
				CLANG_WARN_COMMA = YES;
				CLANG_WARN_CONSTANT_CONVERSION = YES;
				CLANG_WARN_DEPRECATED_OBJC_IMPLEMENTATIONS = YES;
				CLANG_WARN_DIRECT_OBJC_ISA_USAGE = YES_ERROR;
				CLANG_WARN_DOCUMENTATION_COMMENTS = YES;
				CLANG_WARN_EMPTY_BODY = YES;
				CLANG_WARN_ENUM_CONVERSION = YES;
				CLANG_WARN_INFINITE_RECURSION = YES;
				CLANG_WARN_INT_CONVERSION = YES;
				CLANG_WARN_NON_LITERAL_NULL_CONVERSION = YES;
				CLANG_WARN_OBJC_IMPLICIT_RETAIN_SELF = YES;
				CLANG_WARN_OBJC_LITERAL_CONVERSION = YES;
				CLANG_WARN_OBJC_ROOT_CLASS = YES_ERROR;
				CLANG_WARN_RANGE_LOOP_ANALYSIS = YES;
				CLANG_WARN_STRICT_PROTOTYPES = YES;
				CLANG_WARN_SUSPICIOUS_MOVE = YES;
				CLANG_WARN_UNGUARDED_AVAILABILITY = YES_AGGRESSIVE;
				CLANG_WARN_UNREACHABLE_CODE = YES;
				CLANG_WARN__DUPLICATE_METHOD_MATCH = YES;
				CODE_SIGN_IDENTITY = "iPhone Developer";
				COPY_PHASE_STRIP = NO;
				DEBUG_INFORMATION_FORMAT = dwarf;
				ENABLE_STRICT_OBJC_MSGSEND = YES;
				ENABLE_TESTABILITY = YES;
				GCC_C_LANGUAGE_STANDARD = gnu11;
				GCC_DYNAMIC_NO_PIC = NO;
				GCC_NO_COMMON_BLOCKS = YES;
				GCC_OPTIMIZATION_LEVEL = 0;
				GCC_PREPROCESSOR_DEFINITIONS = (
					"DEBUG=1",
					"$(inherited)",
				);
				GCC_WARN_64_TO_32_BIT_CONVERSION = YES;
				GCC_WARN_ABOUT_RETURN_TYPE = YES_ERROR;
				GCC_WARN_UNDECLARED_SELECTOR = YES;
				GCC_WARN_UNINITIALIZED_AUTOS = YES_AGGRESSIVE;
				GCC_WARN_UNUSED_FUNCTION = YES;
				GCC_WARN_UNUSED_VARIABLE = YES;
				IPHONEOS_DEPLOYMENT_TARGET = 12.2;
				MTL_ENABLE_DEBUG_INFO = INCLUDE_SOURCE;
				MTL_FAST_MATH = YES;
				ONLY_ACTIVE_ARCH = YES;
				SDKROOT = iphoneos;
				SWIFT_ACTIVE_COMPILATION_CONDITIONS = DEBUG;
				SWIFT_OPTIMIZATION_LEVEL = "-Onone";
			};
			name = Debug;
		};
		3F5C0E33227275A900307F74 /* Release */ = {
			isa = XCBuildConfiguration;
			buildSettings = {
				ALWAYS_SEARCH_USER_PATHS = NO;
				CLANG_ANALYZER_NONNULL = YES;
				CLANG_ANALYZER_NUMBER_OBJECT_CONVERSION = YES_AGGRESSIVE;
				CLANG_CXX_LANGUAGE_STANDARD = "gnu++14";
				CLANG_CXX_LIBRARY = "libc++";
				CLANG_ENABLE_MODULES = YES;
				CLANG_ENABLE_OBJC_ARC = YES;
				CLANG_ENABLE_OBJC_WEAK = YES;
				CLANG_WARN_BLOCK_CAPTURE_AUTORELEASING = YES;
				CLANG_WARN_BOOL_CONVERSION = YES;
				CLANG_WARN_COMMA = YES;
				CLANG_WARN_CONSTANT_CONVERSION = YES;
				CLANG_WARN_DEPRECATED_OBJC_IMPLEMENTATIONS = YES;
				CLANG_WARN_DIRECT_OBJC_ISA_USAGE = YES_ERROR;
				CLANG_WARN_DOCUMENTATION_COMMENTS = YES;
				CLANG_WARN_EMPTY_BODY = YES;
				CLANG_WARN_ENUM_CONVERSION = YES;
				CLANG_WARN_INFINITE_RECURSION = YES;
				CLANG_WARN_INT_CONVERSION = YES;
				CLANG_WARN_NON_LITERAL_NULL_CONVERSION = YES;
				CLANG_WARN_OBJC_IMPLICIT_RETAIN_SELF = YES;
				CLANG_WARN_OBJC_LITERAL_CONVERSION = YES;
				CLANG_WARN_OBJC_ROOT_CLASS = YES_ERROR;
				CLANG_WARN_RANGE_LOOP_ANALYSIS = YES;
				CLANG_WARN_STRICT_PROTOTYPES = YES;
				CLANG_WARN_SUSPICIOUS_MOVE = YES;
				CLANG_WARN_UNGUARDED_AVAILABILITY = YES_AGGRESSIVE;
				CLANG_WARN_UNREACHABLE_CODE = YES;
				CLANG_WARN__DUPLICATE_METHOD_MATCH = YES;
				CODE_SIGN_IDENTITY = "iPhone Developer";
				COPY_PHASE_STRIP = NO;
				DEBUG_INFORMATION_FORMAT = "dwarf-with-dsym";
				ENABLE_NS_ASSERTIONS = NO;
				ENABLE_STRICT_OBJC_MSGSEND = YES;
				GCC_C_LANGUAGE_STANDARD = gnu11;
				GCC_NO_COMMON_BLOCKS = YES;
				GCC_WARN_64_TO_32_BIT_CONVERSION = YES;
				GCC_WARN_ABOUT_RETURN_TYPE = YES_ERROR;
				GCC_WARN_UNDECLARED_SELECTOR = YES;
				GCC_WARN_UNINITIALIZED_AUTOS = YES_AGGRESSIVE;
				GCC_WARN_UNUSED_FUNCTION = YES;
				GCC_WARN_UNUSED_VARIABLE = YES;
				IPHONEOS_DEPLOYMENT_TARGET = 12.2;
				MTL_ENABLE_DEBUG_INFO = NO;
				MTL_FAST_MATH = YES;
				SDKROOT = iphoneos;
				SWIFT_COMPILATION_MODE = wholemodule;
				SWIFT_OPTIMIZATION_LEVEL = "-O";
				VALIDATE_PRODUCT = YES;
			};
			name = Release;
		};
		3F5C0E35227275A900307F74 /* Debug */ = {
			isa = XCBuildConfiguration;
			baseConfigurationReference = 0073875056203C96FA99E0C7 /* Pods-GYBITG.debug.xcconfig */;
			buildSettings = {
				ASSETCATALOG_COMPILER_APPICON_NAME = AppIcon;
				CODE_SIGN_STYLE = Automatic;
				DEVELOPMENT_TEAM = B2A4XXAMQ8;
				INFOPLIST_FILE = GYBITG/Info.plist;
				LD_RUNPATH_SEARCH_PATHS = (
					"$(inherited)",
					"@executable_path/Frameworks",
				);
				PRODUCT_BUNDLE_IDENTIFIER = edu.cascadia.mobas.GYBITG;
				PRODUCT_NAME = "$(TARGET_NAME)";
				SWIFT_VERSION = 5.0;
				TARGETED_DEVICE_FAMILY = "1,2";
			};
			name = Debug;
		};
		3F5C0E36227275A900307F74 /* Release */ = {
			isa = XCBuildConfiguration;
			baseConfigurationReference = 33764F5FC737DF4562127C72 /* Pods-GYBITG.release.xcconfig */;
			buildSettings = {
				ASSETCATALOG_COMPILER_APPICON_NAME = AppIcon;
				CODE_SIGN_STYLE = Automatic;
				DEVELOPMENT_TEAM = B2A4XXAMQ8;
				INFOPLIST_FILE = GYBITG/Info.plist;
				LD_RUNPATH_SEARCH_PATHS = (
					"$(inherited)",
					"@executable_path/Frameworks",
				);
				PRODUCT_BUNDLE_IDENTIFIER = edu.cascadia.mobas.GYBITG;
				PRODUCT_NAME = "$(TARGET_NAME)";
				SWIFT_VERSION = 5.0;
				TARGETED_DEVICE_FAMILY = "1,2";
			};
			name = Release;
		};
		3F5C0E38227275A900307F74 /* Debug */ = {
			isa = XCBuildConfiguration;
			baseConfigurationReference = 503E427E4C5FE94E8BA0F17E /* Pods-GYBITGTests.debug.xcconfig */;
			buildSettings = {
				ALWAYS_EMBED_SWIFT_STANDARD_LIBRARIES = YES;
				BUNDLE_LOADER = "$(TEST_HOST)";
				CODE_SIGN_STYLE = Automatic;
				INFOPLIST_FILE = GYBITGTests/Info.plist;
				LD_RUNPATH_SEARCH_PATHS = (
					"$(inherited)",
					"@executable_path/Frameworks",
					"@loader_path/Frameworks",
				);
				PRODUCT_BUNDLE_IDENTIFIER = edu.cascadia.mobas.GYBITGTests;
				PRODUCT_NAME = "$(TARGET_NAME)";
				SWIFT_VERSION = 5.0;
				TARGETED_DEVICE_FAMILY = "1,2";
				TEST_HOST = "$(BUILT_PRODUCTS_DIR)/GYBITG.app/GYBITG";
			};
			name = Debug;
		};
		3F5C0E39227275A900307F74 /* Release */ = {
			isa = XCBuildConfiguration;
			baseConfigurationReference = 2A97E99CEE297747C94E8267 /* Pods-GYBITGTests.release.xcconfig */;
			buildSettings = {
				ALWAYS_EMBED_SWIFT_STANDARD_LIBRARIES = YES;
				BUNDLE_LOADER = "$(TEST_HOST)";
				CODE_SIGN_STYLE = Automatic;
				INFOPLIST_FILE = GYBITGTests/Info.plist;
				LD_RUNPATH_SEARCH_PATHS = (
					"$(inherited)",
					"@executable_path/Frameworks",
					"@loader_path/Frameworks",
				);
				PRODUCT_BUNDLE_IDENTIFIER = edu.cascadia.mobas.GYBITGTests;
				PRODUCT_NAME = "$(TARGET_NAME)";
				SWIFT_VERSION = 5.0;
				TARGETED_DEVICE_FAMILY = "1,2";
				TEST_HOST = "$(BUILT_PRODUCTS_DIR)/GYBITG.app/GYBITG";
			};
			name = Release;
		};
/* End XCBuildConfiguration section */

/* Begin XCConfigurationList section */
		3F5C0E10227275A600307F74 /* Build configuration list for PBXProject "GYBITG" */ = {
			isa = XCConfigurationList;
			buildConfigurations = (
				3F5C0E32227275A900307F74 /* Debug */,
				3F5C0E33227275A900307F74 /* Release */,
			);
			defaultConfigurationIsVisible = 0;
			defaultConfigurationName = Release;
		};
		3F5C0E34227275A900307F74 /* Build configuration list for PBXNativeTarget "GYBITG" */ = {
			isa = XCConfigurationList;
			buildConfigurations = (
				3F5C0E35227275A900307F74 /* Debug */,
				3F5C0E36227275A900307F74 /* Release */,
			);
			defaultConfigurationIsVisible = 0;
			defaultConfigurationName = Release;
		};
		3F5C0E37227275A900307F74 /* Build configuration list for PBXNativeTarget "GYBITGTests" */ = {
			isa = XCConfigurationList;
			buildConfigurations = (
				3F5C0E38227275A900307F74 /* Debug */,
				3F5C0E39227275A900307F74 /* Release */,
			);
			defaultConfigurationIsVisible = 0;
			defaultConfigurationName = Release;
		};
/* End XCConfigurationList section */

/* Begin XCVersionGroup section */
		3FD34C5723554CE6006079E0 /* GYBITG.xcdatamodeld */ = {
			isa = XCVersionGroup;
			children = (
				3FD34C5823554CE6006079E0 /* gybitg.xcdatamodel */,
			);
			currentVersion = 3FD34C5823554CE6006079E0 /* gybitg.xcdatamodel */;
			path = GYBITG.xcdatamodeld;
			sourceTree = "<group>";
			versionGroupType = wrapper.xcdatamodel;
		};
/* End XCVersionGroup section */
	};
	rootObject = 3F5C0E0D227275A600307F74 /* Project object */;
}
